// !$*UTF8*$!
{
	archiveVersion = 1;
	classes = {
	};
	objectVersion = 52;
	objects = {

/* Begin PBXBuildFile section */
		653E7AD62372C7470012416F /* NetworkKit in Frameworks */ = {isa = PBXBuildFile; productRef = 653E7AD52372C7470012416F /* NetworkKit */; };
		6555856F2372FE58008379B5 /* NetworkKitDemoTests.swift in Sources */ = {isa = PBXBuildFile; fileRef = 6555856E2372FE58008379B5 /* NetworkKitDemoTests.swift */; };
		657DA04423704EED00D25F68 /* AppDelegate.swift in Sources */ = {isa = PBXBuildFile; fileRef = 657DA04323704EED00D25F68 /* AppDelegate.swift */; };
		657DA04823704EED00D25F68 /* ViewController.swift in Sources */ = {isa = PBXBuildFile; fileRef = 657DA04723704EED00D25F68 /* ViewController.swift */; };
		657DA04B23704EED00D25F68 /* Main.storyboard in Resources */ = {isa = PBXBuildFile; fileRef = 657DA04923704EED00D25F68 /* Main.storyboard */; };
		657DA04D23704EF000D25F68 /* Assets.xcassets in Resources */ = {isa = PBXBuildFile; fileRef = 657DA04C23704EF000D25F68 /* Assets.xcassets */; };
		657DA05023704EF000D25F68 /* LaunchScreen.storyboard in Resources */ = {isa = PBXBuildFile; fileRef = 657DA04E23704EF000D25F68 /* LaunchScreen.storyboard */; };
/* End PBXBuildFile section */

/* Begin PBXContainerItemProxy section */
		655585712372FE58008379B5 /* PBXContainerItemProxy */ = {
			isa = PBXContainerItemProxy;
			containerPortal = 657DA03823704EED00D25F68 /* Project object */;
			proxyType = 1;
			remoteGlobalIDString = 657DA03F23704EED00D25F68;
			remoteInfo = NetworkKitDemo;
		};
/* End PBXContainerItemProxy section */

/* Begin PBXFileReference section */
		6555856C2372FE58008379B5 /* NetworkKitDemoTests.xctest */ = {isa = PBXFileReference; explicitFileType = wrapper.cfbundle; includeInIndex = 0; path = NetworkKitDemoTests.xctest; sourceTree = BUILT_PRODUCTS_DIR; };
		6555856E2372FE58008379B5 /* NetworkKitDemoTests.swift */ = {isa = PBXFileReference; lastKnownFileType = sourcecode.swift; path = NetworkKitDemoTests.swift; sourceTree = "<group>"; };
		655585702372FE58008379B5 /* Info.plist */ = {isa = PBXFileReference; lastKnownFileType = text.plist.xml; path = Info.plist; sourceTree = "<group>"; };
		656D4E1B241C10700079233B /* NetworkKit */ = {isa = PBXFileReference; lastKnownFileType = folder; name = NetworkKit; path = ../..; sourceTree = "<group>"; };
		657DA04023704EED00D25F68 /* NetworkKitDemo.app */ = {isa = PBXFileReference; explicitFileType = wrapper.application; includeInIndex = 0; path = NetworkKitDemo.app; sourceTree = BUILT_PRODUCTS_DIR; };
		657DA04323704EED00D25F68 /* AppDelegate.swift */ = {isa = PBXFileReference; lastKnownFileType = sourcecode.swift; path = AppDelegate.swift; sourceTree = "<group>"; };
		657DA04723704EED00D25F68 /* ViewController.swift */ = {isa = PBXFileReference; lastKnownFileType = sourcecode.swift; path = ViewController.swift; sourceTree = "<group>"; };
		657DA04A23704EED00D25F68 /* Base */ = {isa = PBXFileReference; lastKnownFileType = file.storyboard; name = Base; path = Base.lproj/Main.storyboard; sourceTree = "<group>"; };
		657DA04C23704EF000D25F68 /* Assets.xcassets */ = {isa = PBXFileReference; lastKnownFileType = folder.assetcatalog; path = Assets.xcassets; sourceTree = "<group>"; };
		657DA04F23704EF000D25F68 /* Base */ = {isa = PBXFileReference; lastKnownFileType = file.storyboard; name = Base; path = Base.lproj/LaunchScreen.storyboard; sourceTree = "<group>"; };
		657DA05123704EF000D25F68 /* Info.plist */ = {isa = PBXFileReference; lastKnownFileType = text.plist.xml; path = Info.plist; sourceTree = "<group>"; };
/* End PBXFileReference section */

/* Begin PBXFrameworksBuildPhase section */
		655585692372FE58008379B5 /* Frameworks */ = {
			isa = PBXFrameworksBuildPhase;
			buildActionMask = 2147483647;
			files = (
			);
			runOnlyForDeploymentPostprocessing = 0;
		};
		657DA03D23704EED00D25F68 /* Frameworks */ = {
			isa = PBXFrameworksBuildPhase;
			buildActionMask = 2147483647;
			files = (
				653E7AD62372C7470012416F /* NetworkKit in Frameworks */,
			);
			runOnlyForDeploymentPostprocessing = 0;
		};
/* End PBXFrameworksBuildPhase section */

/* Begin PBXGroup section */
		653E7AD42372C7470012416F /* Frameworks */ = {
			isa = PBXGroup;
			children = (
			);
			name = Frameworks;
			sourceTree = "<group>";
		};
		6555856D2372FE58008379B5 /* NetworkKitDemoTests */ = {
			isa = PBXGroup;
			children = (
				6555856E2372FE58008379B5 /* NetworkKitDemoTests.swift */,
				655585702372FE58008379B5 /* Info.plist */,
			);
			path = NetworkKitDemoTests;
			sourceTree = "<group>";
		};
		657DA03723704EED00D25F68 = {
			isa = PBXGroup;
			children = (
				656D4E1B241C10700079233B /* NetworkKit */,
				657DA04223704EED00D25F68 /* NetworkKitDemo */,
				6555856D2372FE58008379B5 /* NetworkKitDemoTests */,
				657DA04123704EED00D25F68 /* Products */,
				653E7AD42372C7470012416F /* Frameworks */,
			);
			sourceTree = "<group>";
		};
		657DA04123704EED00D25F68 /* Products */ = {
			isa = PBXGroup;
			children = (
				657DA04023704EED00D25F68 /* NetworkKitDemo.app */,
				6555856C2372FE58008379B5 /* NetworkKitDemoTests.xctest */,
			);
			name = Products;
			sourceTree = "<group>";
		};
		657DA04223704EED00D25F68 /* NetworkKitDemo */ = {
			isa = PBXGroup;
			children = (
				657DA04323704EED00D25F68 /* AppDelegate.swift */,
				657DA04723704EED00D25F68 /* ViewController.swift */,
				657DA04923704EED00D25F68 /* Main.storyboard */,
				657DA04C23704EF000D25F68 /* Assets.xcassets */,
				657DA04E23704EF000D25F68 /* LaunchScreen.storyboard */,
				657DA05123704EF000D25F68 /* Info.plist */,
			);
			path = NetworkKitDemo;
			sourceTree = "<group>";
		};
/* End PBXGroup section */

/* Begin PBXNativeTarget section */
		6555856B2372FE58008379B5 /* NetworkKitDemoTests */ = {
			isa = PBXNativeTarget;
			buildConfigurationList = 655585752372FE58008379B5 /* Build configuration list for PBXNativeTarget "NetworkKitDemoTests" */;
			buildPhases = (
				655585682372FE58008379B5 /* Sources */,
				655585692372FE58008379B5 /* Frameworks */,
				6555856A2372FE58008379B5 /* Resources */,
			);
			buildRules = (
			);
			dependencies = (
				655585722372FE58008379B5 /* PBXTargetDependency */,
			);
			name = NetworkKitDemoTests;
			productName = NetworkKitDemoTests;
			productReference = 6555856C2372FE58008379B5 /* NetworkKitDemoTests.xctest */;
			productType = "com.apple.product-type.bundle.unit-test";
		};
		657DA03F23704EED00D25F68 /* NetworkKitDemo */ = {
			isa = PBXNativeTarget;
			buildConfigurationList = 657DA05423704EF000D25F68 /* Build configuration list for PBXNativeTarget "NetworkKitDemo" */;
			buildPhases = (
				657DA03C23704EED00D25F68 /* Sources */,
				657DA03D23704EED00D25F68 /* Frameworks */,
				657DA03E23704EED00D25F68 /* Resources */,
				653E7AA72371A0490012416F /* ShellScript */,
			);
			buildRules = (
			);
			dependencies = (
			);
			name = NetworkKitDemo;
			packageProductDependencies = (
				653E7AD52372C7470012416F /* NetworkKit */,
			);
			productName = NetworkKitDemo;
			productReference = 657DA04023704EED00D25F68 /* NetworkKitDemo.app */;
			productType = "com.apple.product-type.application";
		};
/* End PBXNativeTarget section */

/* Begin PBXProject section */
		657DA03823704EED00D25F68 /* Project object */ = {
			isa = PBXProject;
			attributes = {
				LastSwiftUpdateCheck = 1120;
				LastUpgradeCheck = 1100;
				ORGANIZATIONNAME = "Shortcut AS";
				TargetAttributes = {
					6555856B2372FE58008379B5 = {
						CreatedOnToolsVersion = 11.2;
						TestTargetID = 657DA03F23704EED00D25F68;
					};
					657DA03F23704EED00D25F68 = {
						CreatedOnToolsVersion = 11.0;
					};
				};
			};
			buildConfigurationList = 657DA03B23704EED00D25F68 /* Build configuration list for PBXProject "NetworkKitDemo" */;
			compatibilityVersion = "Xcode 9.3";
			developmentRegion = en;
			hasScannedForEncodings = 0;
			knownRegions = (
				en,
				Base,
			);
			mainGroup = 657DA03723704EED00D25F68;
			packageReferences = (
			);
			productRefGroup = 657DA04123704EED00D25F68 /* Products */;
			projectDirPath = "";
			projectRoot = "";
			targets = (
				657DA03F23704EED00D25F68 /* NetworkKitDemo */,
				6555856B2372FE58008379B5 /* NetworkKitDemoTests */,
			);
		};
/* End PBXProject section */

/* Begin PBXResourcesBuildPhase section */
		6555856A2372FE58008379B5 /* Resources */ = {
			isa = PBXResourcesBuildPhase;
			buildActionMask = 2147483647;
			files = (
			);
			runOnlyForDeploymentPostprocessing = 0;
		};
		657DA03E23704EED00D25F68 /* Resources */ = {
			isa = PBXResourcesBuildPhase;
			buildActionMask = 2147483647;
			files = (
				657DA05023704EF000D25F68 /* LaunchScreen.storyboard in Resources */,
				657DA04D23704EF000D25F68 /* Assets.xcassets in Resources */,
				657DA04B23704EED00D25F68 /* Main.storyboard in Resources */,
			);
			runOnlyForDeploymentPostprocessing = 0;
		};
/* End PBXResourcesBuildPhase section */

/* Begin PBXShellScriptBuildPhase section */
		653E7AA72371A0490012416F /* ShellScript */ = {
			isa = PBXShellScriptBuildPhase;
			buildActionMask = 2147483647;
			files = (
			);
			inputFileListPaths = (
			);
			inputPaths = (
			);
			outputFileListPaths = (
			);
			outputPaths = (
			);
			runOnlyForDeploymentPostprocessing = 0;
			shellPath = /bin/sh;
			shellScript = "if which swiftlint >/dev/null; then\n  swiftlint\nelse\n  echo \"warning: SwiftLint not installed, download from https://github.com/realm/SwiftLint\"\nfi\n";
		};
/* End PBXShellScriptBuildPhase section */

/* Begin PBXSourcesBuildPhase section */
		655585682372FE58008379B5 /* Sources */ = {
			isa = PBXSourcesBuildPhase;
			buildActionMask = 2147483647;
			files = (
				6555856F2372FE58008379B5 /* NetworkKitDemoTests.swift in Sources */,
			);
			runOnlyForDeploymentPostprocessing = 0;
		};
		657DA03C23704EED00D25F68 /* Sources */ = {
			isa = PBXSourcesBuildPhase;
			buildActionMask = 2147483647;
			files = (
				657DA04823704EED00D25F68 /* ViewController.swift in Sources */,
				657DA04423704EED00D25F68 /* AppDelegate.swift in Sources */,
			);
			runOnlyForDeploymentPostprocessing = 0;
		};
/* End PBXSourcesBuildPhase section */

/* Begin PBXTargetDependency section */
		655585722372FE58008379B5 /* PBXTargetDependency */ = {
			isa = PBXTargetDependency;
			target = 657DA03F23704EED00D25F68 /* NetworkKitDemo */;
			targetProxy = 655585712372FE58008379B5 /* PBXContainerItemProxy */;
		};
/* End PBXTargetDependency section */

/* Begin PBXVariantGroup section */
		657DA04923704EED00D25F68 /* Main.storyboard */ = {
			isa = PBXVariantGroup;
			children = (
				657DA04A23704EED00D25F68 /* Base */,
			);
			name = Main.storyboard;
			sourceTree = "<group>";
		};
		657DA04E23704EF000D25F68 /* LaunchScreen.storyboard */ = {
			isa = PBXVariantGroup;
			children = (
				657DA04F23704EF000D25F68 /* Base */,
			);
			name = LaunchScreen.storyboard;
			sourceTree = "<group>";
		};
/* End PBXVariantGroup section */

/* Begin XCBuildConfiguration section */
		655585732372FE58008379B5 /* Debug */ = {
			isa = XCBuildConfiguration;
			buildSettings = {
				BUNDLE_LOADER = "$(TEST_HOST)";
				CODE_SIGN_STYLE = Automatic;
				DEVELOPMENT_TEAM = DLFLF8ZQDD;
				INFOPLIST_FILE = NetworkKitDemoTests/Info.plist;
				IPHONEOS_DEPLOYMENT_TARGET = 13.2;
				LD_RUNPATH_SEARCH_PATHS = (
					"$(inherited)",
					"@executable_path/Frameworks",
					"@loader_path/Frameworks",
				);
				PRODUCT_BUNDLE_IDENTIFIER = no.shortcut.NetworkKitDemoTests;
				PRODUCT_NAME = "$(TARGET_NAME)";
				SWIFT_VERSION = 5.0;
				TARGETED_DEVICE_FAMILY = "1,2";
				TEST_HOST = "$(BUILT_PRODUCTS_DIR)/NetworkKitDemo.app/NetworkKitDemo";
			};
			name = Debug;
		};
		655585742372FE58008379B5 /* Release */ = {
			isa = XCBuildConfiguration;
			buildSettings = {
				BUNDLE_LOADER = "$(TEST_HOST)";
				CODE_SIGN_STYLE = Automatic;
				DEVELOPMENT_TEAM = DLFLF8ZQDD;
				INFOPLIST_FILE = NetworkKitDemoTests/Info.plist;
				IPHONEOS_DEPLOYMENT_TARGET = 13.2;
				LD_RUNPATH_SEARCH_PATHS = (
					"$(inherited)",
					"@executable_path/Frameworks",
					"@loader_path/Frameworks",
				);
				PRODUCT_BUNDLE_IDENTIFIER = no.shortcut.NetworkKitDemoTests;
				PRODUCT_NAME = "$(TARGET_NAME)";
				SWIFT_VERSION = 5.0;
				TARGETED_DEVICE_FAMILY = "1,2";
				TEST_HOST = "$(BUILT_PRODUCTS_DIR)/NetworkKitDemo.app/NetworkKitDemo";
			};
			name = Release;
		};
		657DA05223704EF000D25F68 /* Debug */ = {
			isa = XCBuildConfiguration;
			buildSettings = {
				ALWAYS_SEARCH_USER_PATHS = NO;
				CLANG_ANALYZER_NONNULL = YES;
				CLANG_ANALYZER_NUMBER_OBJECT_CONVERSION = YES_AGGRESSIVE;
				CLANG_CXX_LANGUAGE_STANDARD = "gnu++14";
				CLANG_CXX_LIBRARY = "libc++";
				CLANG_ENABLE_MODULES = YES;
				CLANG_ENABLE_OBJC_ARC = YES;
				CLANG_ENABLE_OBJC_WEAK = YES;
				CLANG_WARN_BLOCK_CAPTURE_AUTORELEASING = YES;
				CLANG_WARN_BOOL_CONVERSION = YES;
				CLANG_WARN_COMMA = YES;
				CLANG_WARN_CONSTANT_CONVERSION = YES;
				CLANG_WARN_DEPRECATED_OBJC_IMPLEMENTATIONS = YES;
				CLANG_WARN_DIRECT_OBJC_ISA_USAGE = YES_ERROR;
				CLANG_WARN_DOCUMENTATION_COMMENTS = YES;
				CLANG_WARN_EMPTY_BODY = YES;
				CLANG_WARN_ENUM_CONVERSION = YES;
				CLANG_WARN_INFINITE_RECURSION = YES;
				CLANG_WARN_INT_CONVERSION = YES;
				CLANG_WARN_NON_LITERAL_NULL_CONVERSION = YES;
				CLANG_WARN_OBJC_IMPLICIT_RETAIN_SELF = YES;
				CLANG_WARN_OBJC_LITERAL_CONVERSION = YES;
				CLANG_WARN_OBJC_ROOT_CLASS = YES_ERROR;
				CLANG_WARN_RANGE_LOOP_ANALYSIS = YES;
				CLANG_WARN_STRICT_PROTOTYPES = YES;
				CLANG_WARN_SUSPICIOUS_MOVE = YES;
				CLANG_WARN_UNGUARDED_AVAILABILITY = YES_AGGRESSIVE;
				CLANG_WARN_UNREACHABLE_CODE = YES;
				CLANG_WARN__DUPLICATE_METHOD_MATCH = YES;
				COPY_PHASE_STRIP = NO;
				DEBUG_INFORMATION_FORMAT = dwarf;
				ENABLE_STRICT_OBJC_MSGSEND = YES;
				ENABLE_TESTABILITY = YES;
				GCC_C_LANGUAGE_STANDARD = gnu11;
				GCC_DYNAMIC_NO_PIC = NO;
				GCC_NO_COMMON_BLOCKS = YES;
				GCC_OPTIMIZATION_LEVEL = 0;
				GCC_PREPROCESSOR_DEFINITIONS = (
					"DEBUG=1",
					"$(inherited)",
				);
				GCC_WARN_64_TO_32_BIT_CONVERSION = YES;
				GCC_WARN_ABOUT_RETURN_TYPE = YES_ERROR;
				GCC_WARN_UNDECLARED_SELECTOR = YES;
				GCC_WARN_UNINITIALIZED_AUTOS = YES_AGGRESSIVE;
				GCC_WARN_UNUSED_FUNCTION = YES;
				GCC_WARN_UNUSED_VARIABLE = YES;
				IPHONEOS_DEPLOYMENT_TARGET = 13.0;
				MTL_ENABLE_DEBUG_INFO = INCLUDE_SOURCE;
				MTL_FAST_MATH = YES;
				ONLY_ACTIVE_ARCH = YES;
				SDKROOT = iphoneos;
				SWIFT_ACTIVE_COMPILATION_CONDITIONS = DEBUG;
				SWIFT_OPTIMIZATION_LEVEL = "-Onone";
			};
			name = Debug;
		};
		657DA05323704EF000D25F68 /* Release */ = {
			isa = XCBuildConfiguration;
			buildSettings = {
				ALWAYS_SEARCH_USER_PATHS = NO;
				CLANG_ANALYZER_NONNULL = YES;
				CLANG_ANALYZER_NUMBER_OBJECT_CONVERSION = YES_AGGRESSIVE;
				CLANG_CXX_LANGUAGE_STANDARD = "gnu++14";
				CLANG_CXX_LIBRARY = "libc++";
				CLANG_ENABLE_MODULES = YES;
				CLANG_ENABLE_OBJC_ARC = YES;
				CLANG_ENABLE_OBJC_WEAK = YES;
				CLANG_WARN_BLOCK_CAPTURE_AUTORELEASING = YES;
				CLANG_WARN_BOOL_CONVERSION = YES;
				CLANG_WARN_COMMA = YES;
				CLANG_WARN_CONSTANT_CONVERSION = YES;
				CLANG_WARN_DEPRECATED_OBJC_IMPLEMENTATIONS = YES;
				CLANG_WARN_DIRECT_OBJC_ISA_USAGE = YES_ERROR;
				CLANG_WARN_DOCUMENTATION_COMMENTS = YES;
				CLANG_WARN_EMPTY_BODY = YES;
				CLANG_WARN_ENUM_CONVERSION = YES;
				CLANG_WARN_INFINITE_RECURSION = YES;
				CLANG_WARN_INT_CONVERSION = YES;
				CLANG_WARN_NON_LITERAL_NULL_CONVERSION = YES;
				CLANG_WARN_OBJC_IMPLICIT_RETAIN_SELF = YES;
				CLANG_WARN_OBJC_LITERAL_CONVERSION = YES;
				CLANG_WARN_OBJC_ROOT_CLASS = YES_ERROR;
				CLANG_WARN_RANGE_LOOP_ANALYSIS = YES;
				CLANG_WARN_STRICT_PROTOTYPES = YES;
				CLANG_WARN_SUSPICIOUS_MOVE = YES;
				CLANG_WARN_UNGUARDED_AVAILABILITY = YES_AGGRESSIVE;
				CLANG_WARN_UNREACHABLE_CODE = YES;
				CLANG_WARN__DUPLICATE_METHOD_MATCH = YES;
				COPY_PHASE_STRIP = NO;
				DEBUG_INFORMATION_FORMAT = "dwarf-with-dsym";
				ENABLE_NS_ASSERTIONS = NO;
				ENABLE_STRICT_OBJC_MSGSEND = YES;
				GCC_C_LANGUAGE_STANDARD = gnu11;
				GCC_NO_COMMON_BLOCKS = YES;
				GCC_WARN_64_TO_32_BIT_CONVERSION = YES;
				GCC_WARN_ABOUT_RETURN_TYPE = YES_ERROR;
				GCC_WARN_UNDECLARED_SELECTOR = YES;
				GCC_WARN_UNINITIALIZED_AUTOS = YES_AGGRESSIVE;
				GCC_WARN_UNUSED_FUNCTION = YES;
				GCC_WARN_UNUSED_VARIABLE = YES;
				IPHONEOS_DEPLOYMENT_TARGET = 13.0;
				MTL_ENABLE_DEBUG_INFO = NO;
				MTL_FAST_MATH = YES;
				SDKROOT = iphoneos;
				SWIFT_COMPILATION_MODE = wholemodule;
				SWIFT_OPTIMIZATION_LEVEL = "-O";
				VALIDATE_PRODUCT = YES;
			};
			name = Release;
		};
		657DA05523704EF000D25F68 /* Debug */ = {
			isa = XCBuildConfiguration;
			buildSettings = {
				ASSETCATALOG_COMPILER_APPICON_NAME = AppIcon;
				CODE_SIGN_STYLE = Automatic;
				DEVELOPMENT_TEAM = DLFLF8ZQDD;
				INFOPLIST_FILE = NetworkKitDemo/Info.plist;
				LD_RUNPATH_SEARCH_PATHS = (
					"$(inherited)",
					"@executable_path/Frameworks",
				);
				PRODUCT_BUNDLE_IDENTIFIER = no.shortcut.NetworkKitDemo.NetworkKitDemo;
				PRODUCT_NAME = "$(TARGET_NAME)";
				SWIFT_VERSION = 5.0;
				TARGETED_DEVICE_FAMILY = "1,2";
			};
			name = Debug;
		};
		657DA05623704EF000D25F68 /* Release */ = {
			isa = XCBuildConfiguration;
			buildSettings = {
				ASSETCATALOG_COMPILER_APPICON_NAME = AppIcon;
				CODE_SIGN_STYLE = Automatic;
				DEVELOPMENT_TEAM = DLFLF8ZQDD;
				INFOPLIST_FILE = NetworkKitDemo/Info.plist;
				LD_RUNPATH_SEARCH_PATHS = (
					"$(inherited)",
					"@executable_path/Frameworks",
				);
				PRODUCT_BUNDLE_IDENTIFIER = no.shortcut.NetworkKitDemo.NetworkKitDemo;
				PRODUCT_NAME = "$(TARGET_NAME)";
				SWIFT_VERSION = 5.0;
				TARGETED_DEVICE_FAMILY = "1,2";
			};
			name = Release;
		};
/* End XCBuildConfiguration section */

/* Begin XCConfigurationList section */
		655585752372FE58008379B5 /* Build configuration list for PBXNativeTarget "NetworkKitDemoTests" */ = {
			isa = XCConfigurationList;
			buildConfigurations = (
				655585732372FE58008379B5 /* Debug */,
				655585742372FE58008379B5 /* Release */,
			);
			defaultConfigurationIsVisible = 0;
			defaultConfigurationName = Release;
		};
		657DA03B23704EED00D25F68 /* Build configuration list for PBXProject "NetworkKitDemo" */ = {
			isa = XCConfigurationList;
			buildConfigurations = (
				657DA05223704EF000D25F68 /* Debug */,
				657DA05323704EF000D25F68 /* Release */,
			);
			defaultConfigurationIsVisible = 0;
			defaultConfigurationName = Release;
		};
		657DA05423704EF000D25F68 /* Build configuration list for PBXNativeTarget "NetworkKitDemo" */ = {
			isa = XCConfigurationList;
			buildConfigurations = (
				657DA05523704EF000D25F68 /* Debug */,
				657DA05623704EF000D25F68 /* Release */,
			);
			defaultConfigurationIsVisible = 0;
			defaultConfigurationName = Release;
		};
/* End XCConfigurationList section */

/* Begin XCSwiftPackageProductDependency section */
		653E7AD52372C7470012416F /* NetworkKit */ = {
			isa = XCSwiftPackageProductDependency;
			productName = NetworkKit;
		};
/* End XCSwiftPackageProductDependency section */
	};
	rootObject = 657DA03823704EED00D25F68 /* Project object */;
}
